
Microsoft Visual Studio Solution File, Format Version 12.00
# Visual Studio Version 17
VisualStudioVersion = 17.0.31903.59
MinimumVisualStudioVersion = 10.0.40219.1
Project("{FAE04EC0-301F-11D3-BF4B-00C04F79EFBC}") = "LinkDotNet.LinqSIMDExtensions", "src\LinkDotNet.LinqSIMDExtensions\LinkDotNet.LinqSIMDExtensions.csproj", "{BF0BFA64-3B97-4D22-BA0D-39CC2DEDA30A}"
EndProject
Project("{2150E333-8FDC-42A3-9474-1A3956D46DE8}") = "src", "src", "{590AFBE7-652B-4C97-8F64-A2528282E9BD}"
EndProject
Project("{2150E333-8FDC-42A3-9474-1A3956D46DE8}") = "tests", "tests", "{44C99A55-12E2-47CA-98F8-9B54C7D267AE}"
EndProject
Project("{FAE04EC0-301F-11D3-BF4B-00C04F79EFBC}") = "LinkDotNet.LinqSIMDExtensions.Tests", "tests\LinkDotNet.LinqSIMDExtensions.Tests\LinkDotNet.LinqSIMDExtensions.Tests.csproj", "{ACBFC08F-F088-4E81-BF64-DCCC14DCD092}"
EndProject
Project("{2150E333-8FDC-42A3-9474-1A3956D46DE8}") = ".text", ".text", "{8513963A-4592-4DEF-BC56-004EEA5B48FA}"
EndProject
Global
	GlobalSection(SolutionConfigurationPlatforms) = preSolution
		Debug|Any CPU = Debug|Any CPU
		Release|Any CPU = Release|Any CPU
	EndGlobalSection
	GlobalSection(SolutionProperties) = preSolution
		HideSolutionNode = FALSE
	EndGlobalSection
	GlobalSection(ProjectConfigurationPlatforms) = postSolution
		{BF0BFA64-3B97-4D22-BA0D-39CC2DEDA30A}.Debug|Any CPU.ActiveCfg = Debug|Any CPU
		{BF0BFA64-3B97-4D22-BA0D-39CC2DEDA30A}.Debug|Any CPU.Build.0 = Debug|Any CPU
		{BF0BFA64-3B97-4D22-BA0D-39CC2DEDA30A}.Release|Any CPU.ActiveCfg = Release|Any CPU
		{BF0BFA64-3B97-4D22-BA0D-39CC2DEDA30A}.Release|Any CPU.Build.0 = Release|Any CPU
		{ACBFC08F-F088-4E81-BF64-DCCC14DCD092}.Debug|Any CPU.ActiveCfg = Debug|Any CPU
		{ACBFC08F-F088-4E81-BF64-DCCC14DCD092}.Debug|Any CPU.Build.0 = Debug|Any CPU
		{ACBFC08F-F088-4E81-BF64-DCCC14DCD092}.Release|Any CPU.ActiveCfg = Release|Any CPU
		{ACBFC08F-F088-4E81-BF64-DCCC14DCD092}.Release|Any CPU.Build.0 = Release|Any CPU
	EndGlobalSection
	GlobalSection(NestedProjects) = preSolution
		{BF0BFA64-3B97-4D22-BA0D-39CC2DEDA30A} = {590AFBE7-652B-4C97-8F64-A2528282E9BD}
		{ACBFC08F-F088-4E81-BF64-DCCC14DCD092} = {44C99A55-12E2-47CA-98F8-9B54C7D267AE}
	EndGlobalSection
EndGlobal
